// !$*UTF8*$!
{
	archiveVersion = 1;
	classes = {
	};
	objectVersion = 48;
	objects = {

/* Begin PBXBuildFile section */
		324DC7761FA0F4D6007F97BF /* AppDelegate.swift in Sources */ = {isa = PBXBuildFile; fileRef = 324DC7751FA0F4D6007F97BF /* AppDelegate.swift */; };
		324DC7781FA0F4D6007F97BF /* ViewController.swift in Sources */ = {isa = PBXBuildFile; fileRef = 324DC7771FA0F4D6007F97BF /* ViewController.swift */; };
		324DC77B1FA0F4D6007F97BF /* Main.storyboard in Resources */ = {isa = PBXBuildFile; fileRef = 324DC7791FA0F4D6007F97BF /* Main.storyboard */; };
		324DC77D1FA0F4D6007F97BF /* Assets.xcassets in Resources */ = {isa = PBXBuildFile; fileRef = 324DC77C1FA0F4D6007F97BF /* Assets.xcassets */; };
		324DC7801FA0F4D6007F97BF /* LaunchScreen.storyboard in Resources */ = {isa = PBXBuildFile; fileRef = 324DC77E1FA0F4D6007F97BF /* LaunchScreen.storyboard */; };
/* End PBXBuildFile section */

/* Begin PBXFileReference section */
		324DC7721FA0F4D6007F97BF /* summer.ios.app */ = {isa = PBXFileReference; explicitFileType = wrapper.application; includeInIndex = 0; path = summer.ios.app; sourceTree = BUILT_PRODUCTS_DIR; };
		324DC7751FA0F4D6007F97BF /* AppDelegate.swift */ = {isa = PBXFileReference; lastKnownFileType = sourcecode.swift; path = AppDelegate.swift; sourceTree = "<group>"; };
		324DC7771FA0F4D6007F97BF /* ViewController.swift */ = {isa = PBXFileReference; lastKnownFileType = sourcecode.swift; path = ViewController.swift; sourceTree = "<group>"; };
		324DC77A1FA0F4D6007F97BF /* Base */ = {isa = PBXFileReference; lastKnownFileType = file.storyboard; name = Base; path = Base.lproj/Main.storyboard; sourceTree = "<group>"; };
		324DC77C1FA0F4D6007F97BF /* Assets.xcassets */ = {isa = PBXFileReference; lastKnownFileType = folder.assetcatalog; path = Assets.xcassets; sourceTree = "<group>"; };
		324DC77F1FA0F4D6007F97BF /* Base */ = {isa = PBXFileReference; lastKnownFileType = file.storyboard; name = Base; path = Base.lproj/LaunchScreen.storyboard; sourceTree = "<group>"; };
		324DC7811FA0F4D6007F97BF /* Info.plist */ = {isa = PBXFileReference; lastKnownFileType = text.plist.xml; path = Info.plist; sourceTree = "<group>"; };
/* End PBXFileReference section */

/* Begin PBXFrameworksBuildPhase section */
		324DC76F1FA0F4D6007F97BF /* Frameworks */ = {
			isa = PBXFrameworksBuildPhase;
			buildActionMask = 2147483647;
			files = (
			);
			runOnlyForDeploymentPostprocessing = 0;
		};
/* End PBXFrameworksBuildPhase section */

/* Begin PBXGroup section */
		324DC7691FA0F4D6007F97BF = {
			isa = PBXGroup;
			children = (
				324DC7741FA0F4D6007F97BF /* summer.ios */,
				324DC7731FA0F4D6007F97BF /* Products */,
			);
			sourceTree = "<group>";
		};
		324DC7731FA0F4D6007F97BF /* Products */ = {
			isa = PBXGroup;
			children = (
				324DC7721FA0F4D6007F97BF /* summer.ios.app */,
			);
			name = Products;
			sourceTree = "<group>";
		};
		324DC7741FA0F4D6007F97BF /* summer.ios */ = {
			isa = PBXGroup;
			children = (
				324DC7751FA0F4D6007F97BF /* AppDelegate.swift */,
				324DC7771FA0F4D6007F97BF /* ViewController.swift */,
				324DC7791FA0F4D6007F97BF /* Main.storyboard */,
				324DC77C1FA0F4D6007F97BF /* Assets.xcassets */,
				324DC77E1FA0F4D6007F97BF /* LaunchScreen.storyboard */,
				324DC7811FA0F4D6007F97BF /* Info.plist */,
			);
			path = summer.ios;
			sourceTree = "<group>";
		};
/* End PBXGroup section */

/* Begin PBXNativeTarget section */
		324DC7711FA0F4D6007F97BF /* summer.ios */ = {
			isa = PBXNativeTarget;
			buildConfigurationList = 324DC7841FA0F4D6007F97BF /* Build configuration list for PBXNativeTarget "summer.ios" */;
			buildPhases = (
				324DC76E1FA0F4D6007F97BF /* Sources */,
				324DC76F1FA0F4D6007F97BF /* Frameworks */,
				324DC7701FA0F4D6007F97BF /* Resources */,
			);
			buildRules = (
			);
			dependencies = (
			);
			name = summer.ios;
			productName = summer.ios;
			productReference = 324DC7721FA0F4D6007F97BF /* summer.ios.app */;
			productType = "com.apple.product-type.application";
		};
/* End PBXNativeTarget section */

/* Begin PBXProject section */
		324DC76A1FA0F4D6007F97BF /* Project object */ = {
			isa = PBXProject;
			attributes = {
				LastSwiftUpdateCheck = 0900;
				LastUpgradeCheck = 0900;
				ORGANIZATIONNAME = "Regent College";
				TargetAttributes = {
					324DC7711FA0F4D6007F97BF = {
						CreatedOnToolsVersion = 9.0.1;
						ProvisioningStyle = Automatic;
					};
				};
			};
			buildConfigurationList = 324DC76D1FA0F4D6007F97BF /* Build configuration list for PBXProject "summer.ios" */;
			compatibilityVersion = "Xcode 8.0";
			developmentRegion = en;
			hasScannedForEncodings = 0;
			knownRegions = (
				en,
				Base,
			);
			mainGroup = 324DC7691FA0F4D6007F97BF;
			productRefGroup = 324DC7731FA0F4D6007F97BF /* Products */;
			projectDirPath = "";
			projectRoot = "";
			targets = (
				324DC7711FA0F4D6007F97BF /* summer.ios */,
			);
		};
/* End PBXProject section */

/* Begin PBXResourcesBuildPhase section */
		324DC7701FA0F4D6007F97BF /* Resources */ = {
			isa = PBXResourcesBuildPhase;
			buildActionMask = 2147483647;
			files = (
				324DC7801FA0F4D6007F97BF /* LaunchScreen.storyboard in Resources */,
				324DC77D1FA0F4D6007F97BF /* Assets.xcassets in Resources */,
				324DC77B1FA0F4D6007F97BF /* Main.storyboard in Resources */,
			);
			runOnlyForDeploymentPostprocessing = 0;
		};
/* End PBXResourcesBuildPhase section */

/* Begin PBXSourcesBuildPhase section */
		324DC76E1FA0F4D6007F97BF /* Sources */ = {
			isa = PBXSourcesBuildPhase;
			buildActionMask = 2147483647;
			files = (
				324DC7781FA0F4D6007F97BF /* ViewController.swift in Sources */,
				324DC7761FA0F4D6007F97BF /* AppDelegate.swift in Sources */,
			);
			runOnlyForDeploymentPostprocessing = 0;
		};
/* End PBXSourcesBuildPhase section */

/* Begin PBXVariantGroup section */
		324DC7791FA0F4D6007F97BF /* Main.storyboard */ = {
			isa = PBXVariantGroup;
			children = (
				324DC77A1FA0F4D6007F97BF /* Base */,
			);
			name = Main.storyboard;
			sourceTree = "<group>";
		};
		324DC77E1FA0F4D6007F97BF /* LaunchScreen.storyboard */ = {
			isa = PBXVariantGroup;
			children = (
				324DC77F1FA0F4D6007F97BF /* Base */,
			);
			name = LaunchScreen.storyboard;
			sourceTree = "<group>";
		};
/* End PBXVariantGroup section */

/* Begin XCBuildConfiguration section */
		324DC7821FA0F4D6007F97BF /* Debug */ = {
			isa = XCBuildConfiguration;
			buildSettings = {
				ALWAYS_SEARCH_USER_PATHS = NO;
				CLANG_ANALYZER_NONNULL = YES;
				CLANG_ANALYZER_NUMBER_OBJECT_CONVERSION = YES_AGGRESSIVE;
				CLANG_CXX_LANGUAGE_STANDARD = "gnu++14";
				CLANG_CXX_LIBRARY = "libc++";
				CLANG_ENABLE_MODULES = YES;
				CLANG_ENABLE_OBJC_ARC = YES;
				CLANG_WARN_BLOCK_CAPTURE_AUTORELEASING = YES;
				CLANG_WARN_BOOL_CONVERSION = YES;
				CLANG_WARN_COMMA = YES;
				CLANG_WARN_CONSTANT_CONVERSION = YES;
				CLANG_WARN_DIRECT_OBJC_ISA_USAGE = YES_ERROR;
				CLANG_WARN_DOCUMENTATION_COMMENTS = YES;
				CLANG_WARN_EMPTY_BODY = YES;
				CLANG_WARN_ENUM_CONVERSION = YES;
				CLANG_WARN_INFINITE_RECURSION = YES;
				CLANG_WARN_INT_CONVERSION = YES;
				CLANG_WARN_NON_LITERAL_NULL_CONVERSION = YES;
				CLANG_WARN_OBJC_LITERAL_CONVERSION = YES;
				CLANG_WARN_OBJC_ROOT_CLASS = YES_ERROR;
				CLANG_WARN_RANGE_LOOP_ANALYSIS = YES;
				CLANG_WARN_STRICT_PROTOTYPES = YES;
				CLANG_WARN_SUSPICIOUS_MOVE = YES;
				CLANG_WARN_UNGUARDED_AVAILABILITY = YES_AGGRESSIVE;
				CLANG_WARN_UNREACHABLE_CODE = YES;
				CLANG_WARN__DUPLICATE_METHOD_MATCH = YES;
				CODE_SIGN_IDENTITY = "iPhone Developer";
				COPY_PHASE_STRIP = NO;
				DEBUG_INFORMATION_FORMAT = dwarf;
				ENABLE_STRICT_OBJC_MSGSEND = YES;
				ENABLE_TESTABILITY = YES;
				GCC_C_LANGUAGE_STANDARD = gnu11;
				GCC_DYNAMIC_NO_PIC = NO;
				GCC_NO_COMMON_BLOCKS = YES;
				GCC_OPTIMIZATION_LEVEL = 0;
				GCC_PREPROCESSOR_DEFINITIONS = (
					"DEBUG=1",
					"$(inherited)",
				);
				GCC_WARN_64_TO_32_BIT_CONVERSION = YES;
				GCC_WARN_ABOUT_RETURN_TYPE = YES_ERROR;
				GCC_WARN_UNDECLARED_SELECTOR = YES;
				GCC_WARN_UNINITIALIZED_AUTOS = YES_AGGRESSIVE;
				GCC_WARN_UNUSED_FUNCTION = YES;
				GCC_WARN_UNUSED_VARIABLE = YES;
				IPHONEOS_DEPLOYMENT_TARGET = 11.0;
				MTL_ENABLE_DEBUG_INFO = YES;
				ONLY_ACTIVE_ARCH = YES;
				SDKROOT = iphoneos;
				SWIFT_ACTIVE_COMPILATION_CONDITIONS = DEBUG;
				SWIFT_OPTIMIZATION_LEVEL = "-Onone";
			};
			name = Debug;
		};
		324DC7831FA0F4D6007F97BF /* Release */ = {
			isa = XCBuildConfiguration;
			buildSettings = {
				ALWAYS_SEARCH_USER_PATHS = NO;
				CLANG_ANALYZER_NONNULL = YES;
				CLANG_ANALYZER_NUMBER_OBJECT_CONVERSION = YES_AGGRESSIVE;
				CLANG_CXX_LANGUAGE_STANDARD = "gnu++14";
				CLANG_CXX_LIBRARY = "libc++";
				CLANG_ENABLE_MODULES = YES;
				CLANG_ENABLE_OBJC_ARC = YES;
				CLANG_WARN_BLOCK_CAPTURE_AUTORELEASING = YES;
				CLANG_WARN_BOOL_CONVERSION = YES;
				CLANG_WARN_COMMA = YES;
				CLANG_WARN_CONSTANT_CONVERSION = YES;
				CLANG_WARN_DIRECT_OBJC_ISA_USAGE = YES_ERROR;
				CLANG_WARN_DOCUMENTATION_COMMENTS = YES;
				CLANG_WARN_EMPTY_BODY = YES;
				CLANG_WARN_ENUM_CONVERSION = YES;
				CLANG_WARN_INFINITE_RECURSION = YES;
				CLANG_WARN_INT_CONVERSION = YES;
				CLANG_WARN_NON_LITERAL_NULL_CONVERSION = YES;
				CLANG_WARN_OBJC_LITERAL_CONVERSION = YES;
				CLANG_WARN_OBJC_ROOT_CLASS = YES_ERROR;
				CLANG_WARN_RANGE_LOOP_ANALYSIS = YES;
				CLANG_WARN_STRICT_PROTOTYPES = YES;
				CLANG_WARN_SUSPICIOUS_MOVE = YES;
				CLANG_WARN_UNGUARDED_AVAILABILITY = YES_AGGRESSIVE;
				CLANG_WARN_UNREACHABLE_CODE = YES;
				CLANG_WARN__DUPLICATE_METHOD_MATCH = YES;
				CODE_SIGN_IDENTITY = "iPhone Developer";
				COPY_PHASE_STRIP = NO;
				DEBUG_INFORMATION_FORMAT = "dwarf-with-dsym";
				ENABLE_NS_ASSERTIONS = NO;
				ENABLE_STRICT_OBJC_MSGSEND = YES;
				GCC_C_LANGUAGE_STANDARD = gnu11;
				GCC_NO_COMMON_BLOCKS = YES;
				GCC_WARN_64_TO_32_BIT_CONVERSION = YES;
				GCC_WARN_ABOUT_RETURN_TYPE = YES_ERROR;
				GCC_WARN_UNDECLARED_SELECTOR = YES;
				GCC_WARN_UNINITIALIZED_AUTOS = YES_AGGRESSIVE;
				GCC_WARN_UNUSED_FUNCTION = YES;
				GCC_WARN_UNUSED_VARIABLE = YES;
				IPHONEOS_DEPLOYMENT_TARGET = 11.0;
				MTL_ENABLE_DEBUG_INFO = NO;
				SDKROOT = iphoneos;
				SWIFT_OPTIMIZATION_LEVEL = "-Owholemodule";
				VALIDATE_PRODUCT = YES;
			};
			name = Release;
		};
		324DC7851FA0F4D6007F97BF /* Debug */ = {
			isa = XCBuildConfiguration;
			buildSettings = {
				ASSETCATALOG_COMPILER_APPICON_NAME = AppIcon;
				CODE_SIGN_STYLE = Automatic;
				DEVELOPMENT_TEAM = 7G9RN93K7G;
				INFOPLIST_FILE = summer.ios/Info.plist;
				LD_RUNPATH_SEARCH_PATHS = "$(inherited) @executable_path/Frameworks";
				PRODUCT_BUNDLE_IDENTIFIER = "com.regentcollege.summer-ios";
				PRODUCT_NAME = "$(TARGET_NAME)";
				SWIFT_VERSION = 4.0;
				TARGETED_DEVICE_FAMILY = "1,2";
			};
			name = Debug;
		};
		324DC7861FA0F4D6007F97BF /* Release */ = {
			isa = XCBuildConfiguration;
			buildSettings = {
				ASSETCATALOG_COMPILER_APPICON_NAME = AppIcon;
				CODE_SIGN_STYLE = Automatic;
				DEVELOPMENT_TEAM = 7G9RN93K7G;
				INFOPLIST_FILE = summer.ios/Info.plist;
				LD_RUNPATH_SEARCH_PATHS = "$(inherited) @executable_path/Frameworks";
				PRODUCT_BUNDLE_IDENTIFIER = "com.regentcollege.summer-ios";
				PRODUCT_NAME = "$(TARGET_NAME)";
				SWIFT_VERSION = 4.0;
				TARGETED_DEVICE_FAMILY = "1,2";
			};
			name = Release;
		};
/* End XCBuildConfiguration section */

/* Begin XCConfigurationList section */
		324DC76D1FA0F4D6007F97BF /* Build configuration list for PBXProject "summer.ios" */ = {
			isa = XCConfigurationList;
			buildConfigurations = (
				324DC7821FA0F4D6007F97BF /* Debug */,
				324DC7831FA0F4D6007F97BF /* Release */,
			);
			defaultConfigurationIsVisible = 0;
			defaultConfigurationName = Release;
		};
		324DC7841FA0F4D6007F97BF /* Build configuration list for PBXNativeTarget "summer.ios" */ = {
			isa = XCConfigurationList;
			buildConfigurations = (
				324DC7851FA0F4D6007F97BF /* Debug */,
				324DC7861FA0F4D6007F97BF /* Release */,
			);
			defaultConfigurationIsVisible = 0;
			defaultConfigurationName = Release;
		};
/* End XCConfigurationList section */
	};
	rootObject = 324DC76A1FA0F4D6007F97BF /* Project object */;
}
