PODS:
  - AFDateHelper (4.2.6)
  - Atributika (4.2.7)
  - BoringSSL (9.1):
    - BoringSSL/Implementation (= 9.1)
    - BoringSSL/Interface (= 9.1)
  - BoringSSL/Implementation (9.1):
    - BoringSSL/Interface (= 9.1)
  - BoringSSL/Interface (9.1)
  - Crashlytics (3.9.3):
    - Fabric (~> 1.7.2)
  - Fabric (1.7.2)
  - Firebase/Auth (4.8.0):
    - Firebase/Core
    - FirebaseAuth (= 4.4.1)
  - Firebase/Core (4.8.0):
    - FirebaseAnalytics (= 4.0.5)
    - FirebaseCore (= 4.0.13)
  - Firebase/Firestore (4.8.0):
    - Firebase/Core
    - FirebaseFirestore (= 0.9.4)
  - FirebaseAnalytics (4.0.5):
    - FirebaseCore (~> 4.0)
    - FirebaseInstanceID (~> 2.0)
    - GoogleToolboxForMac/NSData+zlib (~> 2.1)
    - nanopb (~> 0.3)
  - FirebaseAuth (4.4.1):
    - FirebaseAnalytics (~> 4.0)
    - GoogleToolboxForMac/NSDictionary+URLArguments (~> 2.1)
    - GTMSessionFetcher/Core (~> 1.1)
  - FirebaseCore (4.0.13):
    - GoogleToolboxForMac/NSData+zlib (~> 2.1)
  - FirebaseFirestore (0.9.4):
    - FirebaseAnalytics (~> 4.0)
    - FirebaseCore (~> 4.0)
    - gRPC-ProtoRPC (~> 1.0)
    - leveldb-library (~> 1.18)
    - Protobuf (~> 3.1)
  - FirebaseInstanceID (2.0.8):
    - FirebaseCore (~> 4.0)
  - GoogleToolboxForMac/DebugUtils (2.1.3):
    - GoogleToolboxForMac/Defines (= 2.1.3)
  - GoogleToolboxForMac/Defines (2.1.3)
  - GoogleToolboxForMac/NSData+zlib (2.1.3):
    - GoogleToolboxForMac/Defines (= 2.1.3)
  - GoogleToolboxForMac/NSDictionary+URLArguments (2.1.3):
    - GoogleToolboxForMac/DebugUtils (= 2.1.3)
    - GoogleToolboxForMac/Defines (= 2.1.3)
    - GoogleToolboxForMac/NSString+URLArguments (= 2.1.3)
  - GoogleToolboxForMac/NSString+URLArguments (2.1.3)
  - gRPC (1.8.0):
    - gRPC-RxLibrary (= 1.8.0)
    - gRPC/Main (= 1.8.0)
  - gRPC-Core (1.8.0):
    - gRPC-Core/Implementation (= 1.8.0)
    - gRPC-Core/Interface (= 1.8.0)
  - gRPC-Core/Implementation (1.8.0):
    - BoringSSL (~> 9.0)
    - gRPC-Core/Interface (= 1.8.0)
    - nanopb (~> 0.3)
  - gRPC-Core/Interface (1.8.0)
  - gRPC-ProtoRPC (1.8.0):
    - gRPC (= 1.8.0)
    - gRPC-RxLibrary (= 1.8.0)
    - Protobuf (~> 3.0)
  - gRPC-RxLibrary (1.8.0)
  - gRPC/Main (1.8.0):
    - gRPC-Core (= 1.8.0)
    - gRPC-RxLibrary (= 1.8.0)
  - GTMSessionFetcher/Core (1.1.12)
  - Kingfisher (4.6.1)
  - leveldb-library (1.20)
  - ModelMapper (7.4.0)
  - nanopb (0.3.8):
    - nanopb/decode (= 0.3.8)
    - nanopb/encode (= 0.3.8)
  - nanopb/decode (0.3.8)
  - nanopb/encode (0.3.8)
  - PlayerKit (1.2.0)
  - Protobuf (3.5.0)
  - Swinject (2.1.1)
  - SwinjectStoryboard (1.1.2):
    - Swinject (~> 2.1)

DEPENDENCIES:
  - AFDateHelper
  - Atributika
  - Crashlytics (~> 3.9.3)
  - Fabric (~> 1.7.2)
  - Firebase/Auth
  - Firebase/Core
  - Firebase/Firestore
  - Kingfisher
  - ModelMapper
  - PlayerKit
  - Swinject (~> 2.1.0)
  - SwinjectStoryboard (~> 1.0)

SPEC CHECKSUMS:
  AFDateHelper: f59ed3b9734c1f77873d9df39e71ac7232e302d2
  Atributika: a48be08295986cfc79775804cd1c7d90b389cedd
  BoringSSL: 84318770d120503ab1a6aaf1df777c5ca053697e
  Crashlytics: dbb07d01876c171c5ccbdf7826410380189e452c
  Fabric: 9cd6a848efcf1b8b07497e0b6a2e7d336353ba15
  Firebase: 710decbbc6d9d48530e9a5dba3209740c3532e05
  FirebaseAnalytics: 5b02a63ead2c3f0259cfc7f15e053e440587ecf8
  FirebaseAuth: dc0dd403beca5b2b016aac89c2d0b8dad1c81926
  FirebaseCore: 3c02ec652db3d03fdc8bc6d9154af3e20d64b6f5
  FirebaseFirestore: 0fb0301657759bdd7a4bc37a436e543a86b189ad
  FirebaseInstanceID: 81df5805a08001e69138664bdd02c6719a9ac80f
  GoogleToolboxForMac: 2501e2ad72a52eb3dfe7bd9aee7dad11b858bd20
  gRPC: cc3f797b97bf221a9e535e8e012a6f99b1d7f797
  gRPC-Core: 250fd60016c4e4c413279f4002679b0e14e7df26
  gRPC-ProtoRPC: 5b934b29a95b94b0f871d4fc361ff52269476765
  gRPC-RxLibrary: 7c57a1b2ff2f9cafb0face35bbfa0a326281295d
  GTMSessionFetcher: ebaa1f79a5366922c1735f1566901f50beba23b7
  Kingfisher: 1f9157d9c02b380cbd0b7cc890161195164eb634
  leveldb-library: 08cba283675b7ed2d99629a4bc5fd052cd2bb6a5
  ModelMapper: 467f49f6f187b4e6cde2599e7cc5968cefa3f19b
  nanopb: 5601e6bca2dbf1ed831b519092ec110f66982ca3
  PlayerKit: a1fd44e0d2277ac5e2e6cb1fae38e86c872abb5b
  Protobuf: 8a9838fba8dae3389230e1b7f8c104aa32389c03
  Swinject: afea49fd95f392b41171669f165842879c48fad6
  SwinjectStoryboard: 92e75763c3299cdf627bef98a5180dc894864336

PODFILE CHECKSUM: eadbffdedc593d9205358dabfef6eb8877f70a0c

COCOAPODS: 1.4.0.beta.2
